
Microsoft Visual Studio Solution File, Format Version 12.00
# Visual Studio Version 16
VisualStudioVersion = 16.0.30011.22
MinimumVisualStudioVersion = 10.0.40219.1
Project("{FAE04EC0-301F-11D3-BF4B-00C04F79EFBC}") = "WebAPI-DapperSample", "WebAPI-DapperSample\WebAPI-DapperSample.csproj", "{4A205667-FE53-452A-8E50-95AE2377DF94}"
EndProject
Global
	GlobalSection(SolutionConfigurationPlatforms) = preSolution
		Debug|Any CPU = Debug|Any CPU
		Release|Any CPU = Release|Any CPU
	EndGlobalSection
	GlobalSection(ProjectConfigurationPlatforms) = postSolution
		{4A205667-FE53-452A-8E50-95AE2377DF94}.Debug|Any CPU.ActiveCfg = Debug|Any CPU
		{4A205667-FE53-452A-8E50-95AE2377DF94}.Debug|Any CPU.Build.0 = Debug|Any CPU
		{4A205667-FE53-452A-8E50-95AE2377DF94}.Release|Any CPU.ActiveCfg = Release|Any CPU
		{4A205667-FE53-452A-8E50-95AE2377DF94}.Release|Any CPU.Build.0 = Release|Any CPU
	EndGlobalSection
	GlobalSection(SolutionProperties) = preSolution
		HideSolutionNode = FALSE
	EndGlobalSection
	GlobalSection(ExtensibilityGlobals) = postSolution
		SolutionGuid = {9A33EFF7-F18C-4D19-8FFF-E50B7ED9297D}
	EndGlobalSection
EndGlobal
